
Microsoft Visual Studio Solution File, Format Version 11.00
# Visual Studio 2010
Project("{FAE04EC0-301F-11D3-BF4B-00C04F79EFBC}") = "Assembly-CSharp", "Assembly-CSharp.csproj", "{6E89F6D2-D722-D119-CC9D-1B47816BE29A}"
EndProject
Project("{FAE04EC0-301F-11D3-BF4B-00C04F79EFBC}") = "Assembly-CSharp-firstpass", "Assembly-CSharp-firstpass.csproj", "{DA4059A4-7A67-70AA-FB51-D11FAE89D45C}"
EndProject
Project("{FAE04EC0-301F-11D3-BF4B-00C04F79EFBC}") = "Assembly-CSharp-Editor", "Assembly-CSharp-Editor.csproj", "{D55BEF0B-9D28-738F-1573-9891E1FB94E5}"
EndProject
Global
	GlobalSection(SolutionConfigurationPlatforms) = preSolution
		Debug|Any CPU = Debug|Any CPU
		Release|Any CPU = Release|Any CPU
	EndGlobalSection
	GlobalSection(ProjectConfigurationPlatforms) = postSolution
		{6E89F6D2-D722-D119-CC9D-1B47816BE29A}.Debug|Any CPU.ActiveCfg = Debug|Any CPU
		{6E89F6D2-D722-D119-CC9D-1B47816BE29A}.Debug|Any CPU.Build.0 = Debug|Any CPU
		{6E89F6D2-D722-D119-CC9D-1B47816BE29A}.Release|Any CPU.ActiveCfg = Release|Any CPU
		{6E89F6D2-D722-D119-CC9D-1B47816BE29A}.Release|Any CPU.Build.0 = Release|Any CPU
		{DA4059A4-7A67-70AA-FB51-D11FAE89D45C}.Debug|Any CPU.ActiveCfg = Debug|Any CPU
		{DA4059A4-7A67-70AA-FB51-D11FAE89D45C}.Debug|Any CPU.Build.0 = Debug|Any CPU
		{DA4059A4-7A67-70AA-FB51-D11FAE89D45C}.Release|Any CPU.ActiveCfg = Release|Any CPU
		{DA4059A4-7A67-70AA-FB51-D11FAE89D45C}.Release|Any CPU.Build.0 = Release|Any CPU
		{D55BEF0B-9D28-738F-1573-9891E1FB94E5}.Debug|Any CPU.ActiveCfg = Debug|Any CPU
		{D55BEF0B-9D28-738F-1573-9891E1FB94E5}.Debug|Any CPU.Build.0 = Debug|Any CPU
		{D55BEF0B-9D28-738F-1573-9891E1FB94E5}.Release|Any CPU.ActiveCfg = Release|Any CPU
		{D55BEF0B-9D28-738F-1573-9891E1FB94E5}.Release|Any CPU.Build.0 = Release|Any CPU
	EndGlobalSection
	GlobalSection(SolutionProperties) = preSolution
		HideSolutionNode = FALSE
	EndGlobalSection
EndGlobal
